PODS:
  - Flutter (1.0.0)
  - integration_test (0.0.1):
    - Flutter
  - lumi_flutter_nsd (0.0.1):
    - Flutter

DEPENDENCIES:
  - Flutter (from `Flutter`)
  - integration_test (from `.symlinks/plugins/integration_test/ios`)
  - lumi_flutter_nsd (from `.symlinks/plugins/lumi_flutter_nsd/ios`)

EXTERNAL SOURCES:
  Flutter:
    :path: Flutter
  integration_test:
    :path: ".symlinks/plugins/integration_test/ios"
  lumi_flutter_nsd:
    :path: ".symlinks/plugins/lumi_flutter_nsd/ios"

SPEC CHECKSUMS:
  Flutter: e0871f40cf51350855a761d2e70bf5af5b9b5de7
  integration_test: ce0a3ffa1de96d1a89ca0ac26fca7ea18a749ef4
  lumi_flutter_nsd: 9efabf9cf3b37bdc33b8b244d66d02e2e6ded3a5

PODFILE CHECKSUM: 819463e6a0290f5a72f145ba7cde16e8b6ef0796

COCOAPODS: 1.15.2
